
Microsoft Visual Studio Solution File, Format Version 12.00
# Visual Studio 15
VisualStudioVersion = 15.0.28307.329
MinimumVisualStudioVersion = 10.0.40219.1
Project("{FAE04EC0-301F-11D3-BF4B-00C04F79EFBC}") = "SlipManagement", "SlipManagement\SlipManagement.csproj", "{CBCD1504-0DBF-4959-8AD5-A2A6A4B421EE}"
EndProject
Project("{9A19103F-16F7-4668-BE54-9A1E7A4F7556}") = "SlipManagementTests", "SlipManagementTests\SlipManagementTests.csproj", "{BA451777-B4D9-4CF1-9D5B-BD405E11C1EF}"
EndProject
Project("{9A19103F-16F7-4668-BE54-9A1E7A4F7556}") = "SlipManagementApi", "SlipManagementApi\SlipManagementApi.csproj", "{438ADCFC-1671-4A2E-9568-0EE35EB517A1}"
EndProject
Global
	GlobalSection(SolutionConfigurationPlatforms) = preSolution
		Debug|Any CPU = Debug|Any CPU
		Release|Any CPU = Release|Any CPU
	EndGlobalSection
	GlobalSection(ProjectConfigurationPlatforms) = postSolution
		{CBCD1504-0DBF-4959-8AD5-A2A6A4B421EE}.Debug|Any CPU.ActiveCfg = Debug|Any CPU
		{CBCD1504-0DBF-4959-8AD5-A2A6A4B421EE}.Debug|Any CPU.Build.0 = Debug|Any CPU
		{CBCD1504-0DBF-4959-8AD5-A2A6A4B421EE}.Release|Any CPU.ActiveCfg = Release|Any CPU
		{CBCD1504-0DBF-4959-8AD5-A2A6A4B421EE}.Release|Any CPU.Build.0 = Release|Any CPU
		{BA451777-B4D9-4CF1-9D5B-BD405E11C1EF}.Debug|Any CPU.ActiveCfg = Debug|Any CPU
		{BA451777-B4D9-4CF1-9D5B-BD405E11C1EF}.Debug|Any CPU.Build.0 = Debug|Any CPU
		{BA451777-B4D9-4CF1-9D5B-BD405E11C1EF}.Release|Any CPU.ActiveCfg = Release|Any CPU
		{BA451777-B4D9-4CF1-9D5B-BD405E11C1EF}.Release|Any CPU.Build.0 = Release|Any CPU
		{438ADCFC-1671-4A2E-9568-0EE35EB517A1}.Debug|Any CPU.ActiveCfg = Debug|Any CPU
		{438ADCFC-1671-4A2E-9568-0EE35EB517A1}.Debug|Any CPU.Build.0 = Debug|Any CPU
		{438ADCFC-1671-4A2E-9568-0EE35EB517A1}.Release|Any CPU.ActiveCfg = Release|Any CPU
		{438ADCFC-1671-4A2E-9568-0EE35EB517A1}.Release|Any CPU.Build.0 = Release|Any CPU
	EndGlobalSection
	GlobalSection(SolutionProperties) = preSolution
		HideSolutionNode = FALSE
	EndGlobalSection
	GlobalSection(ExtensibilityGlobals) = postSolution
		SolutionGuid = {E7DCED2E-FB4C-4693-BB5F-56E45EE71DED}
	EndGlobalSection
EndGlobal
